<Solution>
  <Folder Name="/.github/">
    <File Path=".github/renovate.json" />
  </Folder>
  <Folder Name="/.github/workflows/">
    <File Path=".github/workflows/build-and-test.yml" />
    <File Path=".github/workflows/codeql.yml" />
  </Folder>
  <Folder Name="/src/">
    <Project Path="src/Soenneker.Cloudflare.K2/Soenneker.Cloudflare.K2.csproj" />
  </Folder>
  <Folder Name="/test/">
    <Project Path="test/Soenneker.Cloudflare.K2.Tests/Soenneker.Cloudflare.K2.Tests.csproj" />
  </Folder>
</Solution>
